// !$*UTF8*$!
{
	archiveVersion = 1;
	classes = {
	};
	objectVersion = 52;
	objects = {

/* Begin PBXBuildFile section */
		66323A8725DCB44C00410184 /* Tests_iOS.swift in Sources */ = {isa = PBXBuildFile; fileRef = 66323A8625DCB44C00410184 /* Tests_iOS.swift */; };
		66323A9225DCB44C00410184 /* Tests_macOS.swift in Sources */ = {isa = PBXBuildFile; fileRef = 66323A9125DCB44C00410184 /* Tests_macOS.swift */; };
		66323A9425DCB44C00410184 /* RSSReaderApp.swift in Sources */ = {isa = PBXBuildFile; fileRef = 66323A6B25DCB44B00410184 /* RSSReaderApp.swift */; };
		66323A9525DCB44C00410184 /* RSSReaderApp.swift in Sources */ = {isa = PBXBuildFile; fileRef = 66323A6B25DCB44B00410184 /* RSSReaderApp.swift */; };
		66323A9625DCB44C00410184 /* MainView.swift in Sources */ = {isa = PBXBuildFile; fileRef = 66323A6C25DCB44B00410184 /* MainView.swift */; };
		66323A9725DCB44C00410184 /* MainView.swift in Sources */ = {isa = PBXBuildFile; fileRef = 66323A6C25DCB44B00410184 /* MainView.swift */; };
		66323A9825DCB44C00410184 /* Assets.xcassets in Resources */ = {isa = PBXBuildFile; fileRef = 66323A6D25DCB44C00410184 /* Assets.xcassets */; };
		66323A9925DCB44C00410184 /* Assets.xcassets in Resources */ = {isa = PBXBuildFile; fileRef = 66323A6D25DCB44C00410184 /* Assets.xcassets */; };
		66323AAE25DCB48000410184 /* SettingsViewMac.swift in Sources */ = {isa = PBXBuildFile; fileRef = 66323AAD25DCB48000410184 /* SettingsViewMac.swift */; };
		66323ABD25DCB81300410184 /* NavigationListView.swift in Sources */ = {isa = PBXBuildFile; fileRef = 66323ABC25DCB81300410184 /* NavigationListView.swift */; };
		66323AC725DCB93100410184 /* NavigationListView.swift in Sources */ = {isa = PBXBuildFile; fileRef = 66323ABC25DCB81300410184 /* NavigationListView.swift */; };
		66323AD125DCBEB900410184 /* Store.swift in Sources */ = {isa = PBXBuildFile; fileRef = 66323AD025DCBEB900410184 /* Store.swift */; };
		66323AD625DCBF8900410184 /* Store.swift in Sources */ = {isa = PBXBuildFile; fileRef = 66323AD025DCBEB900410184 /* Store.swift */; };
		66323AE125DD8FA900410184 /* MainViewMobile.swift in Sources */ = {isa = PBXBuildFile; fileRef = 66323AE025DD8FA900410184 /* MainViewMobile.swift */; };
		6651F70525DDC01100ABF420 /* Database.swift in Sources */ = {isa = PBXBuildFile; fileRef = 6651F70425DDC01100ABF420 /* Database.swift */; };
		6651F70625DDC01100ABF420 /* Database.swift in Sources */ = {isa = PBXBuildFile; fileRef = 6651F70425DDC01100ABF420 /* Database.swift */; };
		6651F70C25DDFB6800ABF420 /* IntroViewMobile.swift in Sources */ = {isa = PBXBuildFile; fileRef = 6651F70B25DDFB6800ABF420 /* IntroViewMobile.swift */; };
		6651F71325DE039800ABF420 /* FeedURLInput.swift in Sources */ = {isa = PBXBuildFile; fileRef = 6651F71225DE039800ABF420 /* FeedURLInput.swift */; };
		6651F71425DE039800ABF420 /* FeedURLInput.swift in Sources */ = {isa = PBXBuildFile; fileRef = 6651F71225DE039800ABF420 /* FeedURLInput.swift */; };
		6651F71B25DF2FCA00ABF420 /* FeedKit in Frameworks */ = {isa = PBXBuildFile; productRef = 6651F71A25DF2FCA00ABF420 /* FeedKit */; };
		6651F72125E1A5FA00ABF420 /* NotificationView.swift in Sources */ = {isa = PBXBuildFile; fileRef = 6651F72025E1A5FA00ABF420 /* NotificationView.swift */; };
		6651F72225E1A5FA00ABF420 /* NotificationView.swift in Sources */ = {isa = PBXBuildFile; fileRef = 6651F72025E1A5FA00ABF420 /* NotificationView.swift */; };
		66A89CAB25E46CB000459963 /* FeedCategoryPicker.swift in Sources */ = {isa = PBXBuildFile; fileRef = 66A89CAA25E46CB000459963 /* FeedCategoryPicker.swift */; };
		66A89CAC25E46CB000459963 /* FeedCategoryPicker.swift in Sources */ = {isa = PBXBuildFile; fileRef = 66A89CAA25E46CB000459963 /* FeedCategoryPicker.swift */; };
/* End PBXBuildFile section */

/* Begin PBXContainerItemProxy section */
		66323A8325DCB44C00410184 /* PBXContainerItemProxy */ = {
			isa = PBXContainerItemProxy;
			containerPortal = 66323A6625DCB44B00410184 /* Project object */;
			proxyType = 1;
			remoteGlobalIDString = 66323A7125DCB44C00410184;
			remoteInfo = "RSSReader (iOS)";
		};
		66323A8E25DCB44C00410184 /* PBXContainerItemProxy */ = {
			isa = PBXContainerItemProxy;
			containerPortal = 66323A6625DCB44B00410184 /* Project object */;
			proxyType = 1;
			remoteGlobalIDString = 66323A7925DCB44C00410184;
			remoteInfo = "RSSReader (macOS)";
		};
/* End PBXContainerItemProxy section */

/* Begin PBXFileReference section */
		66323A6B25DCB44B00410184 /* RSSReaderApp.swift */ = {isa = PBXFileReference; lastKnownFileType = sourcecode.swift; path = RSSReaderApp.swift; sourceTree = "<group>"; };
		66323A6C25DCB44B00410184 /* MainView.swift */ = {isa = PBXFileReference; lastKnownFileType = sourcecode.swift; path = MainView.swift; sourceTree = "<group>"; };
		66323A6D25DCB44C00410184 /* Assets.xcassets */ = {isa = PBXFileReference; lastKnownFileType = folder.assetcatalog; path = Assets.xcassets; sourceTree = "<group>"; };
		66323A7225DCB44C00410184 /* RSSReader.app */ = {isa = PBXFileReference; explicitFileType = wrapper.application; includeInIndex = 0; path = RSSReader.app; sourceTree = BUILT_PRODUCTS_DIR; };
		66323A7525DCB44C00410184 /* Info.plist */ = {isa = PBXFileReference; lastKnownFileType = text.plist.xml; path = Info.plist; sourceTree = "<group>"; };
		66323A7A25DCB44C00410184 /* RSSReader.app */ = {isa = PBXFileReference; explicitFileType = wrapper.application; includeInIndex = 0; path = RSSReader.app; sourceTree = BUILT_PRODUCTS_DIR; };
		66323A7C25DCB44C00410184 /* Info.plist */ = {isa = PBXFileReference; lastKnownFileType = text.plist.xml; path = Info.plist; sourceTree = "<group>"; };
		66323A7D25DCB44C00410184 /* macOS.entitlements */ = {isa = PBXFileReference; lastKnownFileType = text.plist.entitlements; path = macOS.entitlements; sourceTree = "<group>"; };
		66323A8225DCB44C00410184 /* Tests iOS.xctest */ = {isa = PBXFileReference; explicitFileType = wrapper.cfbundle; includeInIndex = 0; path = "Tests iOS.xctest"; sourceTree = BUILT_PRODUCTS_DIR; };
		66323A8625DCB44C00410184 /* Tests_iOS.swift */ = {isa = PBXFileReference; lastKnownFileType = sourcecode.swift; path = Tests_iOS.swift; sourceTree = "<group>"; };
		66323A8825DCB44C00410184 /* Info.plist */ = {isa = PBXFileReference; lastKnownFileType = text.plist.xml; path = Info.plist; sourceTree = "<group>"; };
		66323A8D25DCB44C00410184 /* Tests macOS.xctest */ = {isa = PBXFileReference; explicitFileType = wrapper.cfbundle; includeInIndex = 0; path = "Tests macOS.xctest"; sourceTree = BUILT_PRODUCTS_DIR; };
		66323A9125DCB44C00410184 /* Tests_macOS.swift */ = {isa = PBXFileReference; lastKnownFileType = sourcecode.swift; path = Tests_macOS.swift; sourceTree = "<group>"; };
		66323A9325DCB44C00410184 /* Info.plist */ = {isa = PBXFileReference; lastKnownFileType = text.plist.xml; path = Info.plist; sourceTree = "<group>"; };
		66323AAD25DCB48000410184 /* SettingsViewMac.swift */ = {isa = PBXFileReference; lastKnownFileType = sourcecode.swift; path = SettingsViewMac.swift; sourceTree = "<group>"; };
		66323ABC25DCB81300410184 /* NavigationListView.swift */ = {isa = PBXFileReference; lastKnownFileType = sourcecode.swift; path = NavigationListView.swift; sourceTree = "<group>"; };
		66323AD025DCBEB900410184 /* Store.swift */ = {isa = PBXFileReference; lastKnownFileType = sourcecode.swift; path = Store.swift; sourceTree = "<group>"; };
		66323AE025DD8FA900410184 /* MainViewMobile.swift */ = {isa = PBXFileReference; lastKnownFileType = sourcecode.swift; path = MainViewMobile.swift; sourceTree = "<group>"; };
		6651F70425DDC01100ABF420 /* Database.swift */ = {isa = PBXFileReference; lastKnownFileType = sourcecode.swift; path = Database.swift; sourceTree = "<group>"; };
		6651F70B25DDFB6800ABF420 /* IntroViewMobile.swift */ = {isa = PBXFileReference; lastKnownFileType = sourcecode.swift; path = IntroViewMobile.swift; sourceTree = "<group>"; };
		6651F71225DE039800ABF420 /* FeedURLInput.swift */ = {isa = PBXFileReference; lastKnownFileType = sourcecode.swift; path = FeedURLInput.swift; sourceTree = "<group>"; };
		6651F72025E1A5FA00ABF420 /* NotificationView.swift */ = {isa = PBXFileReference; lastKnownFileType = sourcecode.swift; path = NotificationView.swift; sourceTree = "<group>"; };
		66A89CAA25E46CB000459963 /* FeedCategoryPicker.swift */ = {isa = PBXFileReference; lastKnownFileType = sourcecode.swift; path = FeedCategoryPicker.swift; sourceTree = "<group>"; };
/* End PBXFileReference section */

/* Begin PBXFrameworksBuildPhase section */
		66323A6F25DCB44C00410184 /* Frameworks */ = {
			isa = PBXFrameworksBuildPhase;
			buildActionMask = 2147483647;
			files = (
				6651F71B25DF2FCA00ABF420 /* FeedKit in Frameworks */,
			);
			runOnlyForDeploymentPostprocessing = 0;
		};
		66323A7725DCB44C00410184 /* Frameworks */ = {
			isa = PBXFrameworksBuildPhase;
			buildActionMask = 2147483647;
			files = (
			);
			runOnlyForDeploymentPostprocessing = 0;
		};
		66323A7F25DCB44C00410184 /* Frameworks */ = {
			isa = PBXFrameworksBuildPhase;
			buildActionMask = 2147483647;
			files = (
			);
			runOnlyForDeploymentPostprocessing = 0;
		};
		66323A8A25DCB44C00410184 /* Frameworks */ = {
			isa = PBXFrameworksBuildPhase;
			buildActionMask = 2147483647;
			files = (
			);
			runOnlyForDeploymentPostprocessing = 0;
		};
/* End PBXFrameworksBuildPhase section */

/* Begin PBXGroup section */
		66323A6525DCB44B00410184 = {
			isa = PBXGroup;
			children = (
				66323A6A25DCB44B00410184 /* Shared */,
				66323A7425DCB44C00410184 /* iOS */,
				66323A7B25DCB44C00410184 /* macOS */,
				66323A8525DCB44C00410184 /* Tests iOS */,
				66323A9025DCB44C00410184 /* Tests macOS */,
				66323A7325DCB44C00410184 /* Products */,
			);
			sourceTree = "<group>";
		};
		66323A6A25DCB44B00410184 /* Shared */ = {
			isa = PBXGroup;
			children = (
				66323AC225DCB85B00410184 /* Data */,
				66323AAC25DCB45700410184 /* Views */,
				66323A6B25DCB44B00410184 /* RSSReaderApp.swift */,
				66323A6D25DCB44C00410184 /* Assets.xcassets */,
			);
			path = Shared;
			sourceTree = "<group>";
		};
		66323A7325DCB44C00410184 /* Products */ = {
			isa = PBXGroup;
			children = (
				66323A7225DCB44C00410184 /* RSSReader.app */,
				66323A7A25DCB44C00410184 /* RSSReader.app */,
				66323A8225DCB44C00410184 /* Tests iOS.xctest */,
				66323A8D25DCB44C00410184 /* Tests macOS.xctest */,
			);
			name = Products;
			sourceTree = "<group>";
		};
		66323A7425DCB44C00410184 /* iOS */ = {
			isa = PBXGroup;
			children = (
				66323ADB25DD8E7700410184 /* Views */,
				66323A7525DCB44C00410184 /* Info.plist */,
			);
			path = iOS;
			sourceTree = "<group>";
		};
		66323A7B25DCB44C00410184 /* macOS */ = {
			isa = PBXGroup;
			children = (
				66323AB725DCB49500410184 /* Views */,
				66323A7C25DCB44C00410184 /* Info.plist */,
				66323A7D25DCB44C00410184 /* macOS.entitlements */,
			);
			path = macOS;
			sourceTree = "<group>";
		};
		66323A8525DCB44C00410184 /* Tests iOS */ = {
			isa = PBXGroup;
			children = (
				66323A8625DCB44C00410184 /* Tests_iOS.swift */,
				66323A8825DCB44C00410184 /* Info.plist */,
			);
			path = "Tests iOS";
			sourceTree = "<group>";
		};
		66323A9025DCB44C00410184 /* Tests macOS */ = {
			isa = PBXGroup;
			children = (
				66323A9125DCB44C00410184 /* Tests_macOS.swift */,
				66323A9325DCB44C00410184 /* Info.plist */,
			);
			path = "Tests macOS";
			sourceTree = "<group>";
		};
		66323AAC25DCB45700410184 /* Views */ = {
			isa = PBXGroup;
			children = (
				6651F71125DE034800ABF420 /* Components */,
				66323A6C25DCB44B00410184 /* MainView.swift */,
				66323ABC25DCB81300410184 /* NavigationListView.swift */,
			);
			path = Views;
			sourceTree = "<group>";
		};
		66323AB725DCB49500410184 /* Views */ = {
			isa = PBXGroup;
			children = (
				66323AAD25DCB48000410184 /* SettingsViewMac.swift */,
			);
			path = Views;
			sourceTree = "<group>";
		};
		66323AC225DCB85B00410184 /* Data */ = {
			isa = PBXGroup;
			children = (
				66323AD025DCBEB900410184 /* Store.swift */,
				6651F70425DDC01100ABF420 /* Database.swift */,
			);
			path = Data;
			sourceTree = "<group>";
		};
		66323ADB25DD8E7700410184 /* Views */ = {
			isa = PBXGroup;
			children = (
				66323AE025DD8FA900410184 /* MainViewMobile.swift */,
				6651F70B25DDFB6800ABF420 /* IntroViewMobile.swift */,
			);
			path = Views;
			sourceTree = "<group>";
		};
		6651F71125DE034800ABF420 /* Components */ = {
			isa = PBXGroup;
			children = (
				6651F71225DE039800ABF420 /* FeedURLInput.swift */,
				6651F72025E1A5FA00ABF420 /* NotificationView.swift */,
				66A89CAA25E46CB000459963 /* FeedCategoryPicker.swift */,
			);
			path = Components;
			sourceTree = "<group>";
		};
/* End PBXGroup section */

/* Begin PBXNativeTarget section */
		66323A7125DCB44C00410184 /* RSSReader (iOS) */ = {
			isa = PBXNativeTarget;
			buildConfigurationList = 66323A9C25DCB44C00410184 /* Build configuration list for PBXNativeTarget "RSSReader (iOS)" */;
			buildPhases = (
				66323A6E25DCB44C00410184 /* Sources */,
				66323A6F25DCB44C00410184 /* Frameworks */,
				66323A7025DCB44C00410184 /* Resources */,
			);
			buildRules = (
			);
			dependencies = (
			);
			name = "RSSReader (iOS)";
			packageProductDependencies = (
				6651F71A25DF2FCA00ABF420 /* FeedKit */,
			);
			productName = "RSSReader (iOS)";
			productReference = 66323A7225DCB44C00410184 /* RSSReader.app */;
			productType = "com.apple.product-type.application";
		};
		66323A7925DCB44C00410184 /* RSSReader (macOS) */ = {
			isa = PBXNativeTarget;
			buildConfigurationList = 66323A9F25DCB44C00410184 /* Build configuration list for PBXNativeTarget "RSSReader (macOS)" */;
			buildPhases = (
				66323A7625DCB44C00410184 /* Sources */,
				66323A7725DCB44C00410184 /* Frameworks */,
				66323A7825DCB44C00410184 /* Resources */,
			);
			buildRules = (
			);
			dependencies = (
			);
			name = "RSSReader (macOS)";
			productName = "RSSReader (macOS)";
			productReference = 66323A7A25DCB44C00410184 /* RSSReader.app */;
			productType = "com.apple.product-type.application";
		};
		66323A8125DCB44C00410184 /* Tests iOS */ = {
			isa = PBXNativeTarget;
			buildConfigurationList = 66323AA225DCB44C00410184 /* Build configuration list for PBXNativeTarget "Tests iOS" */;
			buildPhases = (
				66323A7E25DCB44C00410184 /* Sources */,
				66323A7F25DCB44C00410184 /* Frameworks */,
				66323A8025DCB44C00410184 /* Resources */,
			);
			buildRules = (
			);
			dependencies = (
				66323A8425DCB44C00410184 /* PBXTargetDependency */,
			);
			name = "Tests iOS";
			productName = "Tests iOS";
			productReference = 66323A8225DCB44C00410184 /* Tests iOS.xctest */;
			productType = "com.apple.product-type.bundle.ui-testing";
		};
		66323A8C25DCB44C00410184 /* Tests macOS */ = {
			isa = PBXNativeTarget;
			buildConfigurationList = 66323AA525DCB44C00410184 /* Build configuration list for PBXNativeTarget "Tests macOS" */;
			buildPhases = (
				66323A8925DCB44C00410184 /* Sources */,
				66323A8A25DCB44C00410184 /* Frameworks */,
				66323A8B25DCB44C00410184 /* Resources */,
			);
			buildRules = (
			);
			dependencies = (
				66323A8F25DCB44C00410184 /* PBXTargetDependency */,
			);
			name = "Tests macOS";
			productName = "Tests macOS";
			productReference = 66323A8D25DCB44C00410184 /* Tests macOS.xctest */;
			productType = "com.apple.product-type.bundle.ui-testing";
		};
/* End PBXNativeTarget section */

/* Begin PBXProject section */
		66323A6625DCB44B00410184 /* Project object */ = {
			isa = PBXProject;
			attributes = {
				LastSwiftUpdateCheck = 1240;
				LastUpgradeCheck = 1240;
				TargetAttributes = {
					66323A7125DCB44C00410184 = {
						CreatedOnToolsVersion = 12.4;
					};
					66323A7925DCB44C00410184 = {
						CreatedOnToolsVersion = 12.4;
					};
					66323A8125DCB44C00410184 = {
						CreatedOnToolsVersion = 12.4;
						TestTargetID = 66323A7125DCB44C00410184;
					};
					66323A8C25DCB44C00410184 = {
						CreatedOnToolsVersion = 12.4;
						TestTargetID = 66323A7925DCB44C00410184;
					};
				};
			};
			buildConfigurationList = 66323A6925DCB44B00410184 /* Build configuration list for PBXProject "RSSReader" */;
			compatibilityVersion = "Xcode 9.3";
			developmentRegion = en;
			hasScannedForEncodings = 0;
			knownRegions = (
				en,
				Base,
			);
			mainGroup = 66323A6525DCB44B00410184;
			packageReferences = (
				6651F71925DF2FCA00ABF420 /* XCRemoteSwiftPackageReference "FeedKit" */,
			);
			productRefGroup = 66323A7325DCB44C00410184 /* Products */;
			projectDirPath = "";
			projectRoot = "";
			targets = (
				66323A7125DCB44C00410184 /* RSSReader (iOS) */,
				66323A7925DCB44C00410184 /* RSSReader (macOS) */,
				66323A8125DCB44C00410184 /* Tests iOS */,
				66323A8C25DCB44C00410184 /* Tests macOS */,
			);
		};
/* End PBXProject section */

/* Begin PBXResourcesBuildPhase section */
		66323A7025DCB44C00410184 /* Resources */ = {
			isa = PBXResourcesBuildPhase;
			buildActionMask = 2147483647;
			files = (
				66323A9825DCB44C00410184 /* Assets.xcassets in Resources */,
			);
			runOnlyForDeploymentPostprocessing = 0;
		};
		66323A7825DCB44C00410184 /* Resources */ = {
			isa = PBXResourcesBuildPhase;
			buildActionMask = 2147483647;
			files = (
				66323A9925DCB44C00410184 /* Assets.xcassets in Resources */,
			);
			runOnlyForDeploymentPostprocessing = 0;
		};
		66323A8025DCB44C00410184 /* Resources */ = {
			isa = PBXResourcesBuildPhase;
			buildActionMask = 2147483647;
			files = (
			);
			runOnlyForDeploymentPostprocessing = 0;
		};
		66323A8B25DCB44C00410184 /* Resources */ = {
			isa = PBXResourcesBuildPhase;
			buildActionMask = 2147483647;
			files = (
			);
			runOnlyForDeploymentPostprocessing = 0;
		};
/* End PBXResourcesBuildPhase section */

/* Begin PBXSourcesBuildPhase section */
		66323A6E25DCB44C00410184 /* Sources */ = {
			isa = PBXSourcesBuildPhase;
			buildActionMask = 2147483647;
			files = (
				6651F70C25DDFB6800ABF420 /* IntroViewMobile.swift in Sources */,
				66A89CAB25E46CB000459963 /* FeedCategoryPicker.swift in Sources */,
				6651F70525DDC01100ABF420 /* Database.swift in Sources */,
				66323AC725DCB93100410184 /* NavigationListView.swift in Sources */,
				66323AE125DD8FA900410184 /* MainViewMobile.swift in Sources */,
				6651F71325DE039800ABF420 /* FeedURLInput.swift in Sources */,
				66323A9625DCB44C00410184 /* MainView.swift in Sources */,
				66323A9425DCB44C00410184 /* RSSReaderApp.swift in Sources */,
				66323AD125DCBEB900410184 /* Store.swift in Sources */,
				6651F72125E1A5FA00ABF420 /* NotificationView.swift in Sources */,
			);
			runOnlyForDeploymentPostprocessing = 0;
		};
		66323A7625DCB44C00410184 /* Sources */ = {
			isa = PBXSourcesBuildPhase;
			buildActionMask = 2147483647;
			files = (
				6651F70625DDC01100ABF420 /* Database.swift in Sources */,
				66323AD625DCBF8900410184 /* Store.swift in Sources */,
				66323AAE25DCB48000410184 /* SettingsViewMac.swift in Sources */,
				6651F72225E1A5FA00ABF420 /* NotificationView.swift in Sources */,
				66A89CAC25E46CB000459963 /* FeedCategoryPicker.swift in Sources */,
				6651F71425DE039800ABF420 /* FeedURLInput.swift in Sources */,
				66323A9725DCB44C00410184 /* MainView.swift in Sources */,
				66323ABD25DCB81300410184 /* NavigationListView.swift in Sources */,
				66323A9525DCB44C00410184 /* RSSReaderApp.swift in Sources */,
			);
			runOnlyForDeploymentPostprocessing = 0;
		};
		66323A7E25DCB44C00410184 /* Sources */ = {
			isa = PBXSourcesBuildPhase;
			buildActionMask = 2147483647;
			files = (
				66323A8725DCB44C00410184 /* Tests_iOS.swift in Sources */,
			);
			runOnlyForDeploymentPostprocessing = 0;
		};
		66323A8925DCB44C00410184 /* Sources */ = {
			isa = PBXSourcesBuildPhase;
			buildActionMask = 2147483647;
			files = (
				66323A9225DCB44C00410184 /* Tests_macOS.swift in Sources */,
			);
			runOnlyForDeploymentPostprocessing = 0;
		};
/* End PBXSourcesBuildPhase section */

/* Begin PBXTargetDependency section */
		66323A8425DCB44C00410184 /* PBXTargetDependency */ = {
			isa = PBXTargetDependency;
			target = 66323A7125DCB44C00410184 /* RSSReader (iOS) */;
			targetProxy = 66323A8325DCB44C00410184 /* PBXContainerItemProxy */;
		};
		66323A8F25DCB44C00410184 /* PBXTargetDependency */ = {
			isa = PBXTargetDependency;
			target = 66323A7925DCB44C00410184 /* RSSReader (macOS) */;
			targetProxy = 66323A8E25DCB44C00410184 /* PBXContainerItemProxy */;
		};
/* End PBXTargetDependency section */

/* Begin XCBuildConfiguration section */
		66323A9A25DCB44C00410184 /* Debug */ = {
			isa = XCBuildConfiguration;
			buildSettings = {
				ALWAYS_SEARCH_USER_PATHS = NO;
				CLANG_ANALYZER_NONNULL = YES;
				CLANG_ANALYZER_NUMBER_OBJECT_CONVERSION = YES_AGGRESSIVE;
				CLANG_CXX_LANGUAGE_STANDARD = "gnu++14";
				CLANG_CXX_LIBRARY = "libc++";
				CLANG_ENABLE_MODULES = YES;
				CLANG_ENABLE_OBJC_ARC = YES;
				CLANG_ENABLE_OBJC_WEAK = YES;
				CLANG_WARN_BLOCK_CAPTURE_AUTORELEASING = YES;
				CLANG_WARN_BOOL_CONVERSION = YES;
				CLANG_WARN_COMMA = YES;
				CLANG_WARN_CONSTANT_CONVERSION = YES;
				CLANG_WARN_DEPRECATED_OBJC_IMPLEMENTATIONS = YES;
				CLANG_WARN_DIRECT_OBJC_ISA_USAGE = YES_ERROR;
				CLANG_WARN_DOCUMENTATION_COMMENTS = YES;
				CLANG_WARN_EMPTY_BODY = YES;
				CLANG_WARN_ENUM_CONVERSION = YES;
				CLANG_WARN_INFINITE_RECURSION = YES;
				CLANG_WARN_INT_CONVERSION = YES;
				CLANG_WARN_NON_LITERAL_NULL_CONVERSION = YES;
				CLANG_WARN_OBJC_IMPLICIT_RETAIN_SELF = YES;
				CLANG_WARN_OBJC_LITERAL_CONVERSION = YES;
				CLANG_WARN_OBJC_ROOT_CLASS = YES_ERROR;
				CLANG_WARN_QUOTED_INCLUDE_IN_FRAMEWORK_HEADER = YES;
				CLANG_WARN_RANGE_LOOP_ANALYSIS = YES;
				CLANG_WARN_STRICT_PROTOTYPES = YES;
				CLANG_WARN_SUSPICIOUS_MOVE = YES;
				CLANG_WARN_UNGUARDED_AVAILABILITY = YES_AGGRESSIVE;
				CLANG_WARN_UNREACHABLE_CODE = YES;
				CLANG_WARN__DUPLICATE_METHOD_MATCH = YES;
				COPY_PHASE_STRIP = NO;
				DEBUG_INFORMATION_FORMAT = dwarf;
				ENABLE_STRICT_OBJC_MSGSEND = YES;
				ENABLE_TESTABILITY = YES;
				GCC_C_LANGUAGE_STANDARD = gnu11;
				GCC_DYNAMIC_NO_PIC = NO;
				GCC_NO_COMMON_BLOCKS = YES;
				GCC_OPTIMIZATION_LEVEL = 0;
				GCC_PREPROCESSOR_DEFINITIONS = (
					"DEBUG=1",
					"$(inherited)",
				);
				GCC_WARN_64_TO_32_BIT_CONVERSION = YES;
				GCC_WARN_ABOUT_RETURN_TYPE = YES_ERROR;
				GCC_WARN_UNDECLARED_SELECTOR = YES;
				GCC_WARN_UNINITIALIZED_AUTOS = YES_AGGRESSIVE;
				GCC_WARN_UNUSED_FUNCTION = YES;
				GCC_WARN_UNUSED_VARIABLE = YES;
				MTL_ENABLE_DEBUG_INFO = INCLUDE_SOURCE;
				MTL_FAST_MATH = YES;
				ONLY_ACTIVE_ARCH = YES;
				SWIFT_ACTIVE_COMPILATION_CONDITIONS = DEBUG;
				SWIFT_OPTIMIZATION_LEVEL = "-Onone";
			};
			name = Debug;
		};
		66323A9B25DCB44C00410184 /* Release */ = {
			isa = XCBuildConfiguration;
			buildSettings = {
				ALWAYS_SEARCH_USER_PATHS = NO;
				CLANG_ANALYZER_NONNULL = YES;
				CLANG_ANALYZER_NUMBER_OBJECT_CONVERSION = YES_AGGRESSIVE;
				CLANG_CXX_LANGUAGE_STANDARD = "gnu++14";
				CLANG_CXX_LIBRARY = "libc++";
				CLANG_ENABLE_MODULES = YES;
				CLANG_ENABLE_OBJC_ARC = YES;
				CLANG_ENABLE_OBJC_WEAK = YES;
				CLANG_WARN_BLOCK_CAPTURE_AUTORELEASING = YES;
				CLANG_WARN_BOOL_CONVERSION = YES;
				CLANG_WARN_COMMA = YES;
				CLANG_WARN_CONSTANT_CONVERSION = YES;
				CLANG_WARN_DEPRECATED_OBJC_IMPLEMENTATIONS = YES;
				CLANG_WARN_DIRECT_OBJC_ISA_USAGE = YES_ERROR;
				CLANG_WARN_DOCUMENTATION_COMMENTS = YES;
				CLANG_WARN_EMPTY_BODY = YES;
				CLANG_WARN_ENUM_CONVERSION = YES;
				CLANG_WARN_INFINITE_RECURSION = YES;
				CLANG_WARN_INT_CONVERSION = YES;
				CLANG_WARN_NON_LITERAL_NULL_CONVERSION = YES;
				CLANG_WARN_OBJC_IMPLICIT_RETAIN_SELF = YES;
				CLANG_WARN_OBJC_LITERAL_CONVERSION = YES;
				CLANG_WARN_OBJC_ROOT_CLASS = YES_ERROR;
				CLANG_WARN_QUOTED_INCLUDE_IN_FRAMEWORK_HEADER = YES;
				CLANG_WARN_RANGE_LOOP_ANALYSIS = YES;
				CLANG_WARN_STRICT_PROTOTYPES = YES;
				CLANG_WARN_SUSPICIOUS_MOVE = YES;
				CLANG_WARN_UNGUARDED_AVAILABILITY = YES_AGGRESSIVE;
				CLANG_WARN_UNREACHABLE_CODE = YES;
				CLANG_WARN__DUPLICATE_METHOD_MATCH = YES;
				COPY_PHASE_STRIP = NO;
				DEBUG_INFORMATION_FORMAT = "dwarf-with-dsym";
				ENABLE_NS_ASSERTIONS = NO;
				ENABLE_STRICT_OBJC_MSGSEND = YES;
				GCC_C_LANGUAGE_STANDARD = gnu11;
				GCC_NO_COMMON_BLOCKS = YES;
				GCC_WARN_64_TO_32_BIT_CONVERSION = YES;
				GCC_WARN_ABOUT_RETURN_TYPE = YES_ERROR;
				GCC_WARN_UNDECLARED_SELECTOR = YES;
				GCC_WARN_UNINITIALIZED_AUTOS = YES_AGGRESSIVE;
				GCC_WARN_UNUSED_FUNCTION = YES;
				GCC_WARN_UNUSED_VARIABLE = YES;
				MTL_ENABLE_DEBUG_INFO = NO;
				MTL_FAST_MATH = YES;
				SWIFT_COMPILATION_MODE = wholemodule;
				SWIFT_OPTIMIZATION_LEVEL = "-O";
			};
			name = Release;
		};
		66323A9D25DCB44C00410184 /* Debug */ = {
			isa = XCBuildConfiguration;
			buildSettings = {
				ASSETCATALOG_COMPILER_APPICON_NAME = AppIcon;
				ASSETCATALOG_COMPILER_GLOBAL_ACCENT_COLOR_NAME = AccentColor;
				CODE_SIGN_STYLE = Automatic;
				DEVELOPMENT_TEAM = 5P2L88KTNE;
				ENABLE_PREVIEWS = YES;
				INFOPLIST_FILE = iOS/Info.plist;
				IPHONEOS_DEPLOYMENT_TARGET = 14.0;
				LD_RUNPATH_SEARCH_PATHS = (
					"$(inherited)",
					"@executable_path/Frameworks",
				);
				PRODUCT_BUNDLE_IDENTIFIER = net.bitcreative.RSSReader;
				PRODUCT_NAME = RSSReader;
				SDKROOT = iphoneos;
				SWIFT_VERSION = 5.0;
				TARGETED_DEVICE_FAMILY = "1,2";
			};
			name = Debug;
		};
		66323A9E25DCB44C00410184 /* Release */ = {
			isa = XCBuildConfiguration;
			buildSettings = {
				ASSETCATALOG_COMPILER_APPICON_NAME = AppIcon;
				ASSETCATALOG_COMPILER_GLOBAL_ACCENT_COLOR_NAME = AccentColor;
				CODE_SIGN_STYLE = Automatic;
				DEVELOPMENT_TEAM = 5P2L88KTNE;
				ENABLE_PREVIEWS = YES;
				INFOPLIST_FILE = iOS/Info.plist;
				IPHONEOS_DEPLOYMENT_TARGET = 14.0;
				LD_RUNPATH_SEARCH_PATHS = (
					"$(inherited)",
					"@executable_path/Frameworks",
				);
				PRODUCT_BUNDLE_IDENTIFIER = net.bitcreative.RSSReader;
				PRODUCT_NAME = RSSReader;
				SDKROOT = iphoneos;
				SWIFT_VERSION = 5.0;
				TARGETED_DEVICE_FAMILY = "1,2";
				VALIDATE_PRODUCT = YES;
			};
			name = Release;
		};
		66323AA025DCB44C00410184 /* Debug */ = {
			isa = XCBuildConfiguration;
			buildSettings = {
				ASSETCATALOG_COMPILER_APPICON_NAME = AppIcon;
				ASSETCATALOG_COMPILER_GLOBAL_ACCENT_COLOR_NAME = AccentColor;
				CODE_SIGN_ENTITLEMENTS = macOS/macOS.entitlements;
				CODE_SIGN_STYLE = Automatic;
				COMBINE_HIDPI_IMAGES = YES;
				DEVELOPMENT_TEAM = 5P2L88KTNE;
				ENABLE_HARDENED_RUNTIME = YES;
				ENABLE_PREVIEWS = YES;
				INFOPLIST_FILE = macOS/Info.plist;
				LD_RUNPATH_SEARCH_PATHS = (
					"$(inherited)",
					"@executable_path/../Frameworks",
				);
				MACOSX_DEPLOYMENT_TARGET = 11.0;
				PRODUCT_BUNDLE_IDENTIFIER = net.bitcreative.RSSReader;
				PRODUCT_NAME = RSSReader;
				SDKROOT = macosx;
				SWIFT_VERSION = 5.0;
			};
			name = Debug;
		};
		66323AA125DCB44C00410184 /* Release */ = {
			isa = XCBuildConfiguration;
			buildSettings = {
				ASSETCATALOG_COMPILER_APPICON_NAME = AppIcon;
				ASSETCATALOG_COMPILER_GLOBAL_ACCENT_COLOR_NAME = AccentColor;
				CODE_SIGN_ENTITLEMENTS = macOS/macOS.entitlements;
				CODE_SIGN_STYLE = Automatic;
				COMBINE_HIDPI_IMAGES = YES;
				DEVELOPMENT_TEAM = 5P2L88KTNE;
				ENABLE_HARDENED_RUNTIME = YES;
				ENABLE_PREVIEWS = YES;
				INFOPLIST_FILE = macOS/Info.plist;
				LD_RUNPATH_SEARCH_PATHS = (
					"$(inherited)",
					"@executable_path/../Frameworks",
				);
				MACOSX_DEPLOYMENT_TARGET = 11.0;
				PRODUCT_BUNDLE_IDENTIFIER = net.bitcreative.RSSReader;
				PRODUCT_NAME = RSSReader;
				SDKROOT = macosx;
				SWIFT_VERSION = 5.0;
			};
			name = Release;
		};
		66323AA325DCB44C00410184 /* Debug */ = {
			isa = XCBuildConfiguration;
			buildSettings = {
				ALWAYS_EMBED_SWIFT_STANDARD_LIBRARIES = YES;
				CODE_SIGN_STYLE = Automatic;
				DEVELOPMENT_TEAM = 5P2L88KTNE;
				INFOPLIST_FILE = "Tests iOS/Info.plist";
				IPHONEOS_DEPLOYMENT_TARGET = 14.4;
				LD_RUNPATH_SEARCH_PATHS = (
					"$(inherited)",
					"@executable_path/Frameworks",
					"@loader_path/Frameworks",
				);
				PRODUCT_BUNDLE_IDENTIFIER = "net.bitcreative.Tests-iOS";
				PRODUCT_NAME = "$(TARGET_NAME)";
				SDKROOT = iphoneos;
				SWIFT_VERSION = 5.0;
				TARGETED_DEVICE_FAMILY = "1,2";
				TEST_TARGET_NAME = "RSSReader (iOS)";
			};
			name = Debug;
		};
		66323AA425DCB44C00410184 /* Release */ = {
			isa = XCBuildConfiguration;
			buildSettings = {
				ALWAYS_EMBED_SWIFT_STANDARD_LIBRARIES = YES;
				CODE_SIGN_STYLE = Automatic;
				DEVELOPMENT_TEAM = 5P2L88KTNE;
				INFOPLIST_FILE = "Tests iOS/Info.plist";
				IPHONEOS_DEPLOYMENT_TARGET = 14.4;
				LD_RUNPATH_SEARCH_PATHS = (
					"$(inherited)",
					"@executable_path/Frameworks",
					"@loader_path/Frameworks",
				);
				PRODUCT_BUNDLE_IDENTIFIER = "net.bitcreative.Tests-iOS";
				PRODUCT_NAME = "$(TARGET_NAME)";
				SDKROOT = iphoneos;
				SWIFT_VERSION = 5.0;
				TARGETED_DEVICE_FAMILY = "1,2";
				TEST_TARGET_NAME = "RSSReader (iOS)";
				VALIDATE_PRODUCT = YES;
			};
			name = Release;
		};
		66323AA625DCB44C00410184 /* Debug */ = {
			isa = XCBuildConfiguration;
			buildSettings = {
				ALWAYS_EMBED_SWIFT_STANDARD_LIBRARIES = YES;
				CODE_SIGN_STYLE = Automatic;
				COMBINE_HIDPI_IMAGES = YES;
				DEVELOPMENT_TEAM = 5P2L88KTNE;
				INFOPLIST_FILE = "Tests macOS/Info.plist";
				LD_RUNPATH_SEARCH_PATHS = (
					"$(inherited)",
					"@executable_path/../Frameworks",
					"@loader_path/../Frameworks",
				);
				MACOSX_DEPLOYMENT_TARGET = 11.1;
				PRODUCT_BUNDLE_IDENTIFIER = "net.bitcreative.Tests-macOS";
				PRODUCT_NAME = "$(TARGET_NAME)";
				SDKROOT = macosx;
				SWIFT_VERSION = 5.0;
				TEST_TARGET_NAME = "RSSReader (macOS)";
			};
			name = Debug;
		};
		66323AA725DCB44C00410184 /* Release */ = {
			isa = XCBuildConfiguration;
			buildSettings = {
				ALWAYS_EMBED_SWIFT_STANDARD_LIBRARIES = YES;
				CODE_SIGN_STYLE = Automatic;
				COMBINE_HIDPI_IMAGES = YES;
				DEVELOPMENT_TEAM = 5P2L88KTNE;
				INFOPLIST_FILE = "Tests macOS/Info.plist";
				LD_RUNPATH_SEARCH_PATHS = (
					"$(inherited)",
					"@executable_path/../Frameworks",
					"@loader_path/../Frameworks",
				);
				MACOSX_DEPLOYMENT_TARGET = 11.1;
				PRODUCT_BUNDLE_IDENTIFIER = "net.bitcreative.Tests-macOS";
				PRODUCT_NAME = "$(TARGET_NAME)";
				SDKROOT = macosx;
				SWIFT_VERSION = 5.0;
				TEST_TARGET_NAME = "RSSReader (macOS)";
			};
			name = Release;
		};
/* End XCBuildConfiguration section */

/* Begin XCConfigurationList section */
		66323A6925DCB44B00410184 /* Build configuration list for PBXProject "RSSReader" */ = {
			isa = XCConfigurationList;
			buildConfigurations = (
				66323A9A25DCB44C00410184 /* Debug */,
				66323A9B25DCB44C00410184 /* Release */,
			);
			defaultConfigurationIsVisible = 0;
			defaultConfigurationName = Release;
		};
		66323A9C25DCB44C00410184 /* Build configuration list for PBXNativeTarget "RSSReader (iOS)" */ = {
			isa = XCConfigurationList;
			buildConfigurations = (
				66323A9D25DCB44C00410184 /* Debug */,
				66323A9E25DCB44C00410184 /* Release */,
			);
			defaultConfigurationIsVisible = 0;
			defaultConfigurationName = Release;
		};
		66323A9F25DCB44C00410184 /* Build configuration list for PBXNativeTarget "RSSReader (macOS)" */ = {
			isa = XCConfigurationList;
			buildConfigurations = (
				66323AA025DCB44C00410184 /* Debug */,
				66323AA125DCB44C00410184 /* Release */,
			);
			defaultConfigurationIsVisible = 0;
			defaultConfigurationName = Release;
		};
		66323AA225DCB44C00410184 /* Build configuration list for PBXNativeTarget "Tests iOS" */ = {
			isa = XCConfigurationList;
			buildConfigurations = (
				66323AA325DCB44C00410184 /* Debug */,
				66323AA425DCB44C00410184 /* Release */,
			);
			defaultConfigurationIsVisible = 0;
			defaultConfigurationName = Release;
		};
		66323AA525DCB44C00410184 /* Build configuration list for PBXNativeTarget "Tests macOS" */ = {
			isa = XCConfigurationList;
			buildConfigurations = (
				66323AA625DCB44C00410184 /* Debug */,
				66323AA725DCB44C00410184 /* Release */,
			);
			defaultConfigurationIsVisible = 0;
			defaultConfigurationName = Release;
		};
/* End XCConfigurationList section */

/* Begin XCRemoteSwiftPackageReference section */
		6651F71925DF2FCA00ABF420 /* XCRemoteSwiftPackageReference "FeedKit" */ = {
			isa = XCRemoteSwiftPackageReference;
			repositoryURL = "https://github.com/nmdias/FeedKit";
			requirement = {
				kind = upToNextMajorVersion;
				minimumVersion = 9.1.2;
			};
		};
/* End XCRemoteSwiftPackageReference section */

/* Begin XCSwiftPackageProductDependency section */
		6651F71A25DF2FCA00ABF420 /* FeedKit */ = {
			isa = XCSwiftPackageProductDependency;
			package = 6651F71925DF2FCA00ABF420 /* XCRemoteSwiftPackageReference "FeedKit" */;
			productName = FeedKit;
		};
/* End XCSwiftPackageProductDependency section */
	};
	rootObject = 66323A6625DCB44B00410184 /* Project object */;
}
